
Microsoft Visual Studio Solution File, Format Version 12.00
# Visual Studio 14
VisualStudioVersion = 14.0.25420.1
MinimumVisualStudioVersion = 10.0.40219.1
Project("{FAE04EC0-301F-11D3-BF4B-00C04F79EFBC}") = "CarProject", "CarProject\CarProject.csproj", "{9F658837-E64A-4FA5-BB4E-251D290BC112}"
EndProject
Project("{FAE04EC0-301F-11D3-BF4B-00C04F79EFBC}") = "DAL", "DAL\DAL.csproj", "{77C68C9D-BAB1-43F7-897C-79FB46693B97}"
EndProject
Project("{FAE04EC0-301F-11D3-BF4B-00C04F79EFBC}") = "ServiceLayer", "ServiceLayer\ServiceLayer.csproj", "{173A9EEF-0930-4BAB-9E87-3F99203D9D1B}"
EndProject
Global
	GlobalSection(SolutionConfigurationPlatforms) = preSolution
		Debug|Any CPU = Debug|Any CPU
		Release|Any CPU = Release|Any CPU
	EndGlobalSection
	GlobalSection(ProjectConfigurationPlatforms) = postSolution
		{9F658837-E64A-4FA5-BB4E-251D290BC112}.Debug|Any CPU.ActiveCfg = Debug|Any CPU
		{9F658837-E64A-4FA5-BB4E-251D290BC112}.Debug|Any CPU.Build.0 = Debug|Any CPU
		{9F658837-E64A-4FA5-BB4E-251D290BC112}.Release|Any CPU.ActiveCfg = Release|Any CPU
		{9F658837-E64A-4FA5-BB4E-251D290BC112}.Release|Any CPU.Build.0 = Release|Any CPU
		{77C68C9D-BAB1-43F7-897C-79FB46693B97}.Debug|Any CPU.ActiveCfg = Debug|Any CPU
		{77C68C9D-BAB1-43F7-897C-79FB46693B97}.Debug|Any CPU.Build.0 = Debug|Any CPU
		{77C68C9D-BAB1-43F7-897C-79FB46693B97}.Release|Any CPU.ActiveCfg = Release|Any CPU
		{77C68C9D-BAB1-43F7-897C-79FB46693B97}.Release|Any CPU.Build.0 = Release|Any CPU
		{173A9EEF-0930-4BAB-9E87-3F99203D9D1B}.Debug|Any CPU.ActiveCfg = Debug|Any CPU
		{173A9EEF-0930-4BAB-9E87-3F99203D9D1B}.Debug|Any CPU.Build.0 = Debug|Any CPU
		{173A9EEF-0930-4BAB-9E87-3F99203D9D1B}.Release|Any CPU.ActiveCfg = Release|Any CPU
		{173A9EEF-0930-4BAB-9E87-3F99203D9D1B}.Release|Any CPU.Build.0 = Release|Any CPU
	EndGlobalSection
	GlobalSection(SolutionProperties) = preSolution
		HideSolutionNode = FALSE
	EndGlobalSection
	GlobalSection(TeamFoundationVersionControl) = preSolution
		SccNumberOfProjects = 4
		SccEnterpriseProvider = {4CA58AB2-18FA-4F8D-95D4-32DDF27D184C}
		SccTeamFoundationServer = https://sandeep-apsingekar.visualstudio.com/
		SccLocalPath0 = .
		SccProjectUniqueName1 = CarProject\\CarProject.csproj
		SccProjectName1 = CarProject
		SccLocalPath1 = CarProject
		SccProjectUniqueName2 = DAL\\DAL.csproj
		SccProjectName2 = DAL
		SccLocalPath2 = DAL
		SccProjectUniqueName3 = ServiceLayer\\ServiceLayer.csproj
		SccProjectName3 = ServiceLayer
		SccLocalPath3 = ServiceLayer
	EndGlobalSection
EndGlobal
